
Microsoft Visual Studio Solution File, Format Version 12.00
# Visual Studio 15
VisualStudioVersion = 15.0.26730.16
MinimumVisualStudioVersion = 10.0.40219.1
Project("{9A19103F-16F7-4668-BE54-9A1E7A4F7556}") = "BreakOutGame", "BreakOutGame\BreakOutGame.csproj", "{3AD93A7A-BB91-4DD4-A11A-DD25A0E57733}"
EndProject
Project("{FAE04EC0-301F-11D3-BF4B-00C04F79EFBC}") = "BreakOutGameTest", "BreakOutGameTest\BreakOutGameTest.csproj", "{4953B4BF-F095-4090-9077-F9A8585CAB53}"
EndProject
Global
	GlobalSection(SolutionConfigurationPlatforms) = preSolution
		Debug|Any CPU = Debug|Any CPU
		Release|Any CPU = Release|Any CPU
	EndGlobalSection
	GlobalSection(ProjectConfigurationPlatforms) = postSolution
		{3AD93A7A-BB91-4DD4-A11A-DD25A0E57733}.Debug|Any CPU.ActiveCfg = Debug|Any CPU
		{3AD93A7A-BB91-4DD4-A11A-DD25A0E57733}.Debug|Any CPU.Build.0 = Debug|Any CPU
		{3AD93A7A-BB91-4DD4-A11A-DD25A0E57733}.Release|Any CPU.ActiveCfg = Release|Any CPU
		{3AD93A7A-BB91-4DD4-A11A-DD25A0E57733}.Release|Any CPU.Build.0 = Release|Any CPU
		{4953B4BF-F095-4090-9077-F9A8585CAB53}.Debug|Any CPU.ActiveCfg = Debug|Any CPU
		{4953B4BF-F095-4090-9077-F9A8585CAB53}.Debug|Any CPU.Build.0 = Debug|Any CPU
		{4953B4BF-F095-4090-9077-F9A8585CAB53}.Release|Any CPU.ActiveCfg = Release|Any CPU
		{4953B4BF-F095-4090-9077-F9A8585CAB53}.Release|Any CPU.Build.0 = Release|Any CPU
	EndGlobalSection
	GlobalSection(SolutionProperties) = preSolution
		HideSolutionNode = FALSE
	EndGlobalSection
	GlobalSection(ExtensibilityGlobals) = postSolution
		SolutionGuid = {413D3F62-5474-4E16-B8D1-E3C66AE30E73}
	EndGlobalSection
EndGlobal
